
Microsoft Visual Studio Solution File, Format Version 12.00
# Visual Studio Version 16
VisualStudioVersion = 16.0.29806.167
MinimumVisualStudioVersion = 10.0.40219.1
Project("{9A19103F-16F7-4668-BE54-9A1E7A4F7556}") = "SI", "SI\SI.csproj", "{43686130-195D-49C8-A782-FF7BBE482901}"
EndProject
Project("{9A19103F-16F7-4668-BE54-9A1E7A4F7556}") = "UI", "UI\UI.csproj", "{A0642D45-2EF4-44B8-99AE-9B6AC33BC9DB}"
EndProject
Project("{9A19103F-16F7-4668-BE54-9A1E7A4F7556}") = "BW", "BW\BW.csproj", "{DD2C9A2D-5365-423E-93B6-789D8E90FADF}"
EndProject
Project("{9A19103F-16F7-4668-BE54-9A1E7A4F7556}") = "SG", "SG\SG.csproj", "{B3D8003D-CC7E-42C3-B21B-E41C4C96593E}"
EndProject
Project("{9A19103F-16F7-4668-BE54-9A1E7A4F7556}") = "BC", "BC\BC.csproj", "{6689F84E-954A-479B-89CB-E96DA33D1D6F}"
EndProject
Project("{9A19103F-16F7-4668-BE54-9A1E7A4F7556}") = "DA", "DA\DA.csproj", "{5ECE8F89-7528-4D19-B5C4-F01DBEB7829C}"
EndProject
Project("{FAE04EC0-301F-11D3-BF4B-00C04F79EFBC}") = "_Pruebas", "Pruebas\_Pruebas.csproj", "{DBCD632F-0C2F-454E-BC37-7C6500D2DBD3}"
EndProject
Project("{FAE04EC0-301F-11D3-BF4B-00C04F79EFBC}") = "Utilities", "Utilities\Utilities.csproj", "{A0548A83-3C51-4E9C-B483-7D25A3812500}"
EndProject
Global
	GlobalSection(SolutionConfigurationPlatforms) = preSolution
		Debug|Any CPU = Debug|Any CPU
		Release|Any CPU = Release|Any CPU
	EndGlobalSection
	GlobalSection(ProjectConfigurationPlatforms) = postSolution
		{43686130-195D-49C8-A782-FF7BBE482901}.Debug|Any CPU.ActiveCfg = Debug|Any CPU
		{43686130-195D-49C8-A782-FF7BBE482901}.Debug|Any CPU.Build.0 = Debug|Any CPU
		{43686130-195D-49C8-A782-FF7BBE482901}.Release|Any CPU.ActiveCfg = Release|Any CPU
		{43686130-195D-49C8-A782-FF7BBE482901}.Release|Any CPU.Build.0 = Release|Any CPU
		{A0642D45-2EF4-44B8-99AE-9B6AC33BC9DB}.Debug|Any CPU.ActiveCfg = Debug|Any CPU
		{A0642D45-2EF4-44B8-99AE-9B6AC33BC9DB}.Debug|Any CPU.Build.0 = Debug|Any CPU
		{A0642D45-2EF4-44B8-99AE-9B6AC33BC9DB}.Release|Any CPU.ActiveCfg = Release|Any CPU
		{A0642D45-2EF4-44B8-99AE-9B6AC33BC9DB}.Release|Any CPU.Build.0 = Release|Any CPU
		{DD2C9A2D-5365-423E-93B6-789D8E90FADF}.Debug|Any CPU.ActiveCfg = Debug|Any CPU
		{DD2C9A2D-5365-423E-93B6-789D8E90FADF}.Debug|Any CPU.Build.0 = Debug|Any CPU
		{DD2C9A2D-5365-423E-93B6-789D8E90FADF}.Release|Any CPU.ActiveCfg = Release|Any CPU
		{DD2C9A2D-5365-423E-93B6-789D8E90FADF}.Release|Any CPU.Build.0 = Release|Any CPU
		{B3D8003D-CC7E-42C3-B21B-E41C4C96593E}.Debug|Any CPU.ActiveCfg = Debug|Any CPU
		{B3D8003D-CC7E-42C3-B21B-E41C4C96593E}.Debug|Any CPU.Build.0 = Debug|Any CPU
		{B3D8003D-CC7E-42C3-B21B-E41C4C96593E}.Release|Any CPU.ActiveCfg = Release|Any CPU
		{B3D8003D-CC7E-42C3-B21B-E41C4C96593E}.Release|Any CPU.Build.0 = Release|Any CPU
		{6689F84E-954A-479B-89CB-E96DA33D1D6F}.Debug|Any CPU.ActiveCfg = Debug|Any CPU
		{6689F84E-954A-479B-89CB-E96DA33D1D6F}.Debug|Any CPU.Build.0 = Debug|Any CPU
		{6689F84E-954A-479B-89CB-E96DA33D1D6F}.Release|Any CPU.ActiveCfg = Release|Any CPU
		{6689F84E-954A-479B-89CB-E96DA33D1D6F}.Release|Any CPU.Build.0 = Release|Any CPU
		{5ECE8F89-7528-4D19-B5C4-F01DBEB7829C}.Debug|Any CPU.ActiveCfg = Debug|Any CPU
		{5ECE8F89-7528-4D19-B5C4-F01DBEB7829C}.Debug|Any CPU.Build.0 = Debug|Any CPU
		{5ECE8F89-7528-4D19-B5C4-F01DBEB7829C}.Release|Any CPU.ActiveCfg = Release|Any CPU
		{5ECE8F89-7528-4D19-B5C4-F01DBEB7829C}.Release|Any CPU.Build.0 = Release|Any CPU
		{DBCD632F-0C2F-454E-BC37-7C6500D2DBD3}.Debug|Any CPU.ActiveCfg = Debug|Any CPU
		{DBCD632F-0C2F-454E-BC37-7C6500D2DBD3}.Debug|Any CPU.Build.0 = Debug|Any CPU
		{DBCD632F-0C2F-454E-BC37-7C6500D2DBD3}.Release|Any CPU.ActiveCfg = Release|Any CPU
		{DBCD632F-0C2F-454E-BC37-7C6500D2DBD3}.Release|Any CPU.Build.0 = Release|Any CPU
		{A0548A83-3C51-4E9C-B483-7D25A3812500}.Debug|Any CPU.ActiveCfg = Debug|Any CPU
		{A0548A83-3C51-4E9C-B483-7D25A3812500}.Debug|Any CPU.Build.0 = Debug|Any CPU
		{A0548A83-3C51-4E9C-B483-7D25A3812500}.Release|Any CPU.ActiveCfg = Release|Any CPU
		{A0548A83-3C51-4E9C-B483-7D25A3812500}.Release|Any CPU.Build.0 = Release|Any CPU
	EndGlobalSection
	GlobalSection(SolutionProperties) = preSolution
		HideSolutionNode = FALSE
	EndGlobalSection
	GlobalSection(ExtensibilityGlobals) = postSolution
		SolutionGuid = {5622EDFA-D3DB-4167-BEEB-718E092E7D50}
	EndGlobalSection
EndGlobal
